
Microsoft Visual Studio Solution File, Format Version 12.00
# Visual Studio Version 17
VisualStudioVersion = 17.10.35013.160
MinimumVisualStudioVersion = 10.0.40219.1
Project("{FAE04EC0-301F-11D3-BF4B-00C04F79EFBC}") = "EFWebAPI", "EFWebAPI\EFWebAPI.csproj", "{A560F7BA-4D12-4930-B060-360128087213}"
EndProject
Global
	GlobalSection(SolutionConfigurationPlatforms) = preSolution
		Debug|Any CPU = Debug|Any CPU
		Release|Any CPU = Release|Any CPU
	EndGlobalSection
	GlobalSection(ProjectConfigurationPlatforms) = postSolution
		{A560F7BA-4D12-4930-B060-360128087213}.Debug|Any CPU.ActiveCfg = Debug|Any CPU
		{A560F7BA-4D12-4930-B060-360128087213}.Debug|Any CPU.Build.0 = Debug|Any CPU
		{A560F7BA-4D12-4930-B060-360128087213}.Release|Any CPU.ActiveCfg = Release|Any CPU
		{A560F7BA-4D12-4930-B060-360128087213}.Release|Any CPU.Build.0 = Release|Any CPU
	EndGlobalSection
	GlobalSection(SolutionProperties) = preSolution
		HideSolutionNode = FALSE
	EndGlobalSection
	GlobalSection(ExtensibilityGlobals) = postSolution
		SolutionGuid = {BD31C73A-94DA-4D6E-9E13-7CB9233CC57B}
	EndGlobalSection
EndGlobal
