
Microsoft Visual Studio Solution File, Format Version 12.00
# Visual Studio Version 17
VisualStudioVersion = 17.10.35013.160
MinimumVisualStudioVersion = 10.0.40219.1
Project("{FAE04EC0-301F-11D3-BF4B-00C04F79EFBC}") = "EFWebApi", "EFWebApi\EFWebApi.csproj", "{53E16D08-FCA0-438C-BF51-05F96EB77622}"
EndProject
Global
	GlobalSection(SolutionConfigurationPlatforms) = preSolution
		Debug|Any CPU = Debug|Any CPU
		Release|Any CPU = Release|Any CPU
	EndGlobalSection
	GlobalSection(ProjectConfigurationPlatforms) = postSolution
		{53E16D08-FCA0-438C-BF51-05F96EB77622}.Debug|Any CPU.ActiveCfg = Debug|Any CPU
		{53E16D08-FCA0-438C-BF51-05F96EB77622}.Debug|Any CPU.Build.0 = Debug|Any CPU
		{53E16D08-FCA0-438C-BF51-05F96EB77622}.Release|Any CPU.ActiveCfg = Release|Any CPU
		{53E16D08-FCA0-438C-BF51-05F96EB77622}.Release|Any CPU.Build.0 = Release|Any CPU
	EndGlobalSection
	GlobalSection(SolutionProperties) = preSolution
		HideSolutionNode = FALSE
	EndGlobalSection
	GlobalSection(ExtensibilityGlobals) = postSolution
		SolutionGuid = {8A4E4789-A209-4383-A9C9-0086F76589E0}
	EndGlobalSection
EndGlobal
